Microsoft Visual Studio Solution File, Format Version 12.00
# Visual Studio Version 17
VisualStudioVersion = 17.5.2.0
MinimumVisualStudioVersion = 10.0.40219.1
Project("{2150E333-8FDC-42A3-9474-1A3956D46DE8}") = "src", "src", "{827E0CD3-B72D-47B6-A68D-7590B98EB39B}"
EndProject
Project("{2150E333-8FDC-42A3-9474-1A3956D46DE8}") = "Cms.SitemapService", "Cms.SitemapService", "{AB93DD96-1427-F3D2-5DAB-69FF3D47B430}"
EndProject
Project("{2150E333-8FDC-42A3-9474-1A3956D46DE8}") = "src", "src", "{7C4AFDDB-E0CD-9F59-9B7E-BF13BD542FE6}"
EndProject
Project("{2150E333-8FDC-42A3-9474-1A3956D46DE8}") = "Cli", "Cli", "{098CE75E-B797-C77F-26D8-AB3B9E5C8C24}"
EndProject
Project("{FAE04EC0-301F-11D3-BF4B-00C04F79EFBC}") = "Cms.SitemapService.Cli", "src\Cms.SitemapService\src\Cli\src\Cms.SitemapService.Cli.csproj", "{DCAB5A03-E76D-05AE-08AA-546FC7E14CCA}"
EndProject
Project("{2150E333-8FDC-42A3-9474-1A3956D46DE8}") = "Api", "Api", "{DB7932B4-59C0-68D2-1AF5-442FD1232ADF}"
EndProject
Project("{FAE04EC0-301F-11D3-BF4B-00C04F79EFBC}") = "Cms.SitemapService.Api", "src\Cms.SitemapService\src\Api\src\Cms.SitemapService.Api.csproj", "{2A7BE151-6485-2AFF-0B6E-4DE6F828C5B0}"
EndProject
Project("{2150E333-8FDC-42A3-9474-1A3956D46DE8}") = "Application", "Application", "{B8682DDF-94BC-EF16-2072-F48BB03E008B}"
EndProject
Project("{FAE04EC0-301F-11D3-BF4B-00C04F79EFBC}") = "Cms.SitemapService.Application", "src\Cms.SitemapService\src\Application\src\Cms.SitemapService.Application.csproj", "{5F26D2D6-76E6-694A-1914-4967339530B6}"
EndProject
Project("{2150E333-8FDC-42A3-9474-1A3956D46DE8}") = "Infrastructure", "Infrastructure", "{C683487A-90D8-6BAC-B800-FB42CA90B8E3}"
EndProject
Project("{FAE04EC0-301F-11D3-BF4B-00C04F79EFBC}") = "Cms.SitemapService.Infrastructure", "src\Cms.SitemapService\src\Infrastructure\src\Cms.SitemapService.Infrastructure.csproj", "{46BF0A58-DADD-E8DE-B0A3-AAF8C787AD20}"
EndProject
Project("{2150E333-8FDC-42A3-9474-1A3956D46DE8}") = "Domain", "Domain", "{4C4E5536-4B8C-1D31-F482-1DE652D8A519}"
EndProject
Project("{FAE04EC0-301F-11D3-BF4B-00C04F79EFBC}") = "Cms.SitemapService.Domain", "src\Cms.SitemapService\src\Domain\src\Cms.SitemapService.Domain.csproj", "{72901265-80CB-DB68-8DFF-1473EF636867}"
EndProject
Global
	GlobalSection(SolutionConfigurationPlatforms) = preSolution
		Debug|Any CPU = Debug|Any CPU
		Release|Any CPU = Release|Any CPU
	EndGlobalSection
	GlobalSection(ProjectConfigurationPlatforms) = postSolution
		{DCAB5A03-E76D-05AE-08AA-546FC7E14CCA}.Debug|Any CPU.ActiveCfg = Debug|Any CPU
		{DCAB5A03-E76D-05AE-08AA-546FC7E14CCA}.Debug|Any CPU.Build.0 = Debug|Any CPU
		{DCAB5A03-E76D-05AE-08AA-546FC7E14CCA}.Release|Any CPU.ActiveCfg = Release|Any CPU
		{DCAB5A03-E76D-05AE-08AA-546FC7E14CCA}.Release|Any CPU.Build.0 = Release|Any CPU
		{2A7BE151-6485-2AFF-0B6E-4DE6F828C5B0}.Debug|Any CPU.ActiveCfg = Debug|Any CPU
		{2A7BE151-6485-2AFF-0B6E-4DE6F828C5B0}.Debug|Any CPU.Build.0 = Debug|Any CPU
		{2A7BE151-6485-2AFF-0B6E-4DE6F828C5B0}.Release|Any CPU.ActiveCfg = Release|Any CPU
		{2A7BE151-6485-2AFF-0B6E-4DE6F828C5B0}.Release|Any CPU.Build.0 = Release|Any CPU
		{5F26D2D6-76E6-694A-1914-4967339530B6}.Debug|Any CPU.ActiveCfg = Debug|Any CPU
		{5F26D2D6-76E6-694A-1914-4967339530B6}.Debug|Any CPU.Build.0 = Debug|Any CPU
		{5F26D2D6-76E6-694A-1914-4967339530B6}.Release|Any CPU.ActiveCfg = Release|Any CPU
		{5F26D2D6-76E6-694A-1914-4967339530B6}.Release|Any CPU.Build.0 = Release|Any CPU
		{46BF0A58-DADD-E8DE-B0A3-AAF8C787AD20}.Debug|Any CPU.ActiveCfg = Debug|Any CPU
		{46BF0A58-DADD-E8DE-B0A3-AAF8C787AD20}.Debug|Any CPU.Build.0 = Debug|Any CPU
		{46BF0A58-DADD-E8DE-B0A3-AAF8C787AD20}.Release|Any CPU.ActiveCfg = Release|Any CPU
		{46BF0A58-DADD-E8DE-B0A3-AAF8C787AD20}.Release|Any CPU.Build.0 = Release|Any CPU
		{72901265-80CB-DB68-8DFF-1473EF636867}.Debug|Any CPU.ActiveCfg = Debug|Any CPU
		{72901265-80CB-DB68-8DFF-1473EF636867}.Debug|Any CPU.Build.0 = Debug|Any CPU
		{72901265-80CB-DB68-8DFF-1473EF636867}.Release|Any CPU.ActiveCfg = Release|Any CPU
		{72901265-80CB-DB68-8DFF-1473EF636867}.Release|Any CPU.Build.0 = Release|Any CPU
	EndGlobalSection
	GlobalSection(SolutionProperties) = preSolution
		HideSolutionNode = FALSE
	EndGlobalSection
	GlobalSection(NestedProjects) = preSolution
		{AB93DD96-1427-F3D2-5DAB-69FF3D47B430} = {827E0CD3-B72D-47B6-A68D-7590B98EB39B}
		{7C4AFDDB-E0CD-9F59-9B7E-BF13BD542FE6} = {AB93DD96-1427-F3D2-5DAB-69FF3D47B430}
		{098CE75E-B797-C77F-26D8-AB3B9E5C8C24} = {7C4AFDDB-E0CD-9F59-9B7E-BF13BD542FE6}
		{DCAB5A03-E76D-05AE-08AA-546FC7E14CCA} = {098CE75E-B797-C77F-26D8-AB3B9E5C8C24}
		{DB7932B4-59C0-68D2-1AF5-442FD1232ADF} = {7C4AFDDB-E0CD-9F59-9B7E-BF13BD542FE6}
		{2A7BE151-6485-2AFF-0B6E-4DE6F828C5B0} = {DB7932B4-59C0-68D2-1AF5-442FD1232ADF}
		{B8682DDF-94BC-EF16-2072-F48BB03E008B} = {7C4AFDDB-E0CD-9F59-9B7E-BF13BD542FE6}
		{5F26D2D6-76E6-694A-1914-4967339530B6} = {B8682DDF-94BC-EF16-2072-F48BB03E008B}
		{C683487A-90D8-6BAC-B800-FB42CA90B8E3} = {7C4AFDDB-E0CD-9F59-9B7E-BF13BD542FE6}
		{46BF0A58-DADD-E8DE-B0A3-AAF8C787AD20} = {C683487A-90D8-6BAC-B800-FB42CA90B8E3}
		{4C4E5536-4B8C-1D31-F482-1DE652D8A519} = {7C4AFDDB-E0CD-9F59-9B7E-BF13BD542FE6}
		{72901265-80CB-DB68-8DFF-1473EF636867} = {4C4E5536-4B8C-1D31-F482-1DE652D8A519}
	EndGlobalSection
	GlobalSection(ExtensibilityGlobals) = postSolution
		SolutionGuid = {CB92FC6D-0F41-403E-A9EC-3BF00F2FCF81}
	EndGlobalSection
EndGlobal
